
Microsoft Visual Studio Solution File, Format Version 12.00
# Visual Studio Version 17
VisualStudioVersion = 17.9.34728.123
MinimumVisualStudioVersion = 10.0.40219.1
Project("{FAE04EC0-301F-11D3-BF4B-00C04F79EFBC}") = "KFH_APP_FrontEnd", "KFH_APP_FrontEnd\KFH_APP_FrontEnd.csproj", "{AEE8EC0A-0C3A-4248-946C-9E1E85AE1750}"
EndProject
Project("{FAE04EC0-301F-11D3-BF4B-00C04F79EFBC}") = "KFH_APP_API", "KFH_APP_API\KFH_APP_API.csproj", "{09500133-A0D8-4BDA-8D23-42335C5DEE9D}"
EndProject
Global
	GlobalSection(SolutionConfigurationPlatforms) = preSolution
		Debug|Any CPU = Debug|Any CPU
		Release|Any CPU = Release|Any CPU
	EndGlobalSection
	GlobalSection(ProjectConfigurationPlatforms) = postSolution
		{AEE8EC0A-0C3A-4248-946C-9E1E85AE1750}.Debug|Any CPU.ActiveCfg = Debug|Any CPU
		{AEE8EC0A-0C3A-4248-946C-9E1E85AE1750}.Debug|Any CPU.Build.0 = Debug|Any CPU
		{AEE8EC0A-0C3A-4248-946C-9E1E85AE1750}.Release|Any CPU.ActiveCfg = Release|Any CPU
		{AEE8EC0A-0C3A-4248-946C-9E1E85AE1750}.Release|Any CPU.Build.0 = Release|Any CPU
		{09500133-A0D8-4BDA-8D23-42335C5DEE9D}.Debug|Any CPU.ActiveCfg = Debug|Any CPU
		{09500133-A0D8-4BDA-8D23-42335C5DEE9D}.Debug|Any CPU.Build.0 = Debug|Any CPU
		{09500133-A0D8-4BDA-8D23-42335C5DEE9D}.Release|Any CPU.ActiveCfg = Release|Any CPU
		{09500133-A0D8-4BDA-8D23-42335C5DEE9D}.Release|Any CPU.Build.0 = Release|Any CPU
	EndGlobalSection
	GlobalSection(SolutionProperties) = preSolution
		HideSolutionNode = FALSE
	EndGlobalSection
	GlobalSection(ExtensibilityGlobals) = postSolution
		SolutionGuid = {064D76C4-F309-4ED7-888A-38051D329A09}
	EndGlobalSection
EndGlobal
